
Microsoft Visual Studio Solution File, Format Version 12.00
# Visual Studio Version 16
VisualStudioVersion = 16.0.32002.261
MinimumVisualStudioVersion = 10.0.40219.1
Project("{9A19103F-16F7-4668-BE54-9A1E7A4F7556}") = "ConsoleClient", "ConsoleClient.csproj", "{0F926A62-75E9-4C80-9889-614439FDFF2D}"
EndProject
Project("{9A19103F-16F7-4668-BE54-9A1E7A4F7556}") = "ASPCoreServer", "..\ASPCoreServer\ASPCoreServer.csproj", "{F38C4AD3-7B5D-43F5-A1D8-9289255E8CA8}"
EndProject
Project("{FAE04EC0-301F-11D3-BF4B-00C04F79EFBC}") = "WindowsFormsClient", "..\WindowsFormsClient\WindowsFormsClient.csproj", "{5B80A753-4ECB-45BA-9279-86CE0923A619}"
EndProject
Global
	GlobalSection(SolutionConfigurationPlatforms) = preSolution
		Debug|Any CPU = Debug|Any CPU
		Release|Any CPU = Release|Any CPU
	EndGlobalSection
	GlobalSection(ProjectConfigurationPlatforms) = postSolution
		{0F926A62-75E9-4C80-9889-614439FDFF2D}.Debug|Any CPU.ActiveCfg = Debug|Any CPU
		{0F926A62-75E9-4C80-9889-614439FDFF2D}.Debug|Any CPU.Build.0 = Debug|Any CPU
		{0F926A62-75E9-4C80-9889-614439FDFF2D}.Release|Any CPU.ActiveCfg = Release|Any CPU
		{0F926A62-75E9-4C80-9889-614439FDFF2D}.Release|Any CPU.Build.0 = Release|Any CPU
		{F38C4AD3-7B5D-43F5-A1D8-9289255E8CA8}.Debug|Any CPU.ActiveCfg = Debug|Any CPU
		{F38C4AD3-7B5D-43F5-A1D8-9289255E8CA8}.Debug|Any CPU.Build.0 = Debug|Any CPU
		{F38C4AD3-7B5D-43F5-A1D8-9289255E8CA8}.Release|Any CPU.ActiveCfg = Release|Any CPU
		{F38C4AD3-7B5D-43F5-A1D8-9289255E8CA8}.Release|Any CPU.Build.0 = Release|Any CPU
		{5B80A753-4ECB-45BA-9279-86CE0923A619}.Debug|Any CPU.ActiveCfg = Debug|Any CPU
		{5B80A753-4ECB-45BA-9279-86CE0923A619}.Debug|Any CPU.Build.0 = Debug|Any CPU
		{5B80A753-4ECB-45BA-9279-86CE0923A619}.Release|Any CPU.ActiveCfg = Release|Any CPU
		{5B80A753-4ECB-45BA-9279-86CE0923A619}.Release|Any CPU.Build.0 = Release|Any CPU
	EndGlobalSection
	GlobalSection(SolutionProperties) = preSolution
		HideSolutionNode = FALSE
	EndGlobalSection
	GlobalSection(ExtensibilityGlobals) = postSolution
		SolutionGuid = {6CA10742-5E71-418F-B424-6DEA46191F28}
	EndGlobalSection
EndGlobal
